
Microsoft Visual Studio Solution File, Format Version 12.00
# Visual Studio Version 17
VisualStudioVersion = 17.3.32819.101
MinimumVisualStudioVersion = 10.0.40219.1
Project("{FAE04EC0-301F-11D3-BF4B-00C04F79EFBC}") = "EsGithubTestting", "EsGithubTestting\EsGithubTestting.csproj", "{DC3F2C3C-B075-4C0A-A90B-3BDC442673BE}"
EndProject
Global
	GlobalSection(SolutionConfigurationPlatforms) = preSolution
		Debug|Any CPU = Debug|Any CPU
		Release|Any CPU = Release|Any CPU
	EndGlobalSection
	GlobalSection(ProjectConfigurationPlatforms) = postSolution
		{DC3F2C3C-B075-4C0A-A90B-3BDC442673BE}.Debug|Any CPU.ActiveCfg = Debug|Any CPU
		{DC3F2C3C-B075-4C0A-A90B-3BDC442673BE}.Debug|Any CPU.Build.0 = Debug|Any CPU
		{DC3F2C3C-B075-4C0A-A90B-3BDC442673BE}.Release|Any CPU.ActiveCfg = Release|Any CPU
		{DC3F2C3C-B075-4C0A-A90B-3BDC442673BE}.Release|Any CPU.Build.0 = Release|Any CPU
	EndGlobalSection
	GlobalSection(SolutionProperties) = preSolution
		HideSolutionNode = FALSE
	EndGlobalSection
	GlobalSection(ExtensibilityGlobals) = postSolution
		SolutionGuid = {A02E0713-8F8E-4307-8921-B6581F6B2843}
	EndGlobalSection
EndGlobal
